
Microsoft Visual Studio Solution File, Format Version 12.00
# Visual Studio Version 18
VisualStudioVersion = 18.5.11723.231
MinimumVisualStudioVersion = 10.0.40219.1
Project("{2150E333-8FDC-42A3-9474-1A3956D46DE8}") = "src", "src", "{827E0CD3-B72D-47B6-A68D-7590B98EB39B}"
EndProject
Project("{FAE04EC0-301F-11D3-BF4B-00C04F79EFBC}") = "Contracts", "src\Contracts\Contracts.csproj", "{550D19E9-8BE1-4951-BA37-F3F233210A14}"
EndProject
Project("{FAE04EC0-301F-11D3-BF4B-00C04F79EFBC}") = "OrderApi", "src\OrderApi\OrderApi.csproj", "{86452F90-F5DD-40F4-9F30-DE35F11ADC50}"
EndProject
Project("{FAE04EC0-301F-11D3-BF4B-00C04F79EFBC}") = "PaymentApi", "src\PaymentApi\PaymentApi.csproj", "{1D0BCEFF-919F-4A39-BE6C-F0EF8AFF8E71}"
EndProject
Project("{FAE04EC0-301F-11D3-BF4B-00C04F79EFBC}") = "EmailWorker", "src\EmailWorker\EmailWorker.csproj", "{B989A9BF-1196-4A19-98CD-8665EB2193BE}"
EndProject
Project("{FAE04EC0-301F-11D3-BF4B-00C04F79EFBC}") = "StockWorker", "src\StockWorker\StockWorker.csproj", "{ABFE8EA7-D618-45D9-9F1D-EAE1E53BEFEF}"
EndProject
Project("{2150E333-8FDC-42A3-9474-1A3956D46DE8}") = "tests", "tests", "{64F7D802-8B58-455A-8249-3DB73A6C81B5}"
EndProject
Project("{FAE04EC0-301F-11D3-BF4B-00C04F79EFBC}") = "Contract.Tests", "tests\Contract.Tests\Contract.Tests.csproj", "{090F9800-4DED-4C2B-A54B-5C189D789816}"
EndProject
Global
	GlobalSection(SolutionConfigurationPlatforms) = preSolution
		Debug|Any CPU = Debug|Any CPU
		Debug|x64 = Debug|x64
		Debug|x86 = Debug|x86
		Release|Any CPU = Release|Any CPU
		Release|x64 = Release|x64
		Release|x86 = Release|x86
	EndGlobalSection
	GlobalSection(ProjectConfigurationPlatforms) = postSolution
		{550D19E9-8BE1-4951-BA37-F3F233210A14}.Debug|Any CPU.ActiveCfg = Debug|Any CPU
		{550D19E9-8BE1-4951-BA37-F3F233210A14}.Debug|Any CPU.Build.0 = Debug|Any CPU
		{550D19E9-8BE1-4951-BA37-F3F233210A14}.Debug|x64.ActiveCfg = Debug|Any CPU
		{550D19E9-8BE1-4951-BA37-F3F233210A14}.Debug|x64.Build.0 = Debug|Any CPU
		{550D19E9-8BE1-4951-BA37-F3F233210A14}.Debug|x86.ActiveCfg = Debug|Any CPU
		{550D19E9-8BE1-4951-BA37-F3F233210A14}.Debug|x86.Build.0 = Debug|Any CPU
		{550D19E9-8BE1-4951-BA37-F3F233210A14}.Release|Any CPU.ActiveCfg = Release|Any CPU
		{550D19E9-8BE1-4951-BA37-F3F233210A14}.Release|Any CPU.Build.0 = Release|Any CPU
		{550D19E9-8BE1-4951-BA37-F3F233210A14}.Release|x64.ActiveCfg = Release|Any CPU
		{550D19E9-8BE1-4951-BA37-F3F233210A14}.Release|x64.Build.0 = Release|Any CPU
		{550D19E9-8BE1-4951-BA37-F3F233210A14}.Release|x86.ActiveCfg = Release|Any CPU
		{550D19E9-8BE1-4951-BA37-F3F233210A14}.Release|x86.Build.0 = Release|Any CPU
		{86452F90-F5DD-40F4-9F30-DE35F11ADC50}.Debug|Any CPU.ActiveCfg = Debug|Any CPU
		{86452F90-F5DD-40F4-9F30-DE35F11ADC50}.Debug|Any CPU.Build.0 = Debug|Any CPU
		{86452F90-F5DD-40F4-9F30-DE35F11ADC50}.Debug|x64.ActiveCfg = Debug|Any CPU
		{86452F90-F5DD-40F4-9F30-DE35F11ADC50}.Debug|x64.Build.0 = Debug|Any CPU
		{86452F90-F5DD-40F4-9F30-DE35F11ADC50}.Debug|x86.ActiveCfg = Debug|Any CPU
		{86452F90-F5DD-40F4-9F30-DE35F11ADC50}.Debug|x86.Build.0 = Debug|Any CPU
		{86452F90-F5DD-40F4-9F30-DE35F11ADC50}.Release|Any CPU.ActiveCfg = Release|Any CPU
		{86452F90-F5DD-40F4-9F30-DE35F11ADC50}.Release|Any CPU.Build.0 = Release|Any CPU
		{86452F90-F5DD-40F4-9F30-DE35F11ADC50}.Release|x64.ActiveCfg = Release|Any CPU
		{86452F90-F5DD-40F4-9F30-DE35F11ADC50}.Release|x64.Build.0 = Release|Any CPU
		{86452F90-F5DD-40F4-9F30-DE35F11ADC50}.Release|x86.ActiveCfg = Release|Any CPU
		{86452F90-F5DD-40F4-9F30-DE35F11ADC50}.Release|x86.Build.0 = Release|Any CPU
		{1D0BCEFF-919F-4A39-BE6C-F0EF8AFF8E71}.Debug|Any CPU.ActiveCfg = Debug|Any CPU
		{1D0BCEFF-919F-4A39-BE6C-F0EF8AFF8E71}.Debug|Any CPU.Build.0 = Debug|Any CPU
		{1D0BCEFF-919F-4A39-BE6C-F0EF8AFF8E71}.Debug|x64.ActiveCfg = Debug|Any CPU
		{1D0BCEFF-919F-4A39-BE6C-F0EF8AFF8E71}.Debug|x64.Build.0 = Debug|Any CPU
		{1D0BCEFF-919F-4A39-BE6C-F0EF8AFF8E71}.Debug|x86.ActiveCfg = Debug|Any CPU
		{1D0BCEFF-919F-4A39-BE6C-F0EF8AFF8E71}.Debug|x86.Build.0 = Debug|Any CPU
		{1D0BCEFF-919F-4A39-BE6C-F0EF8AFF8E71}.Release|Any CPU.ActiveCfg = Release|Any CPU
		{1D0BCEFF-919F-4A39-BE6C-F0EF8AFF8E71}.Release|Any CPU.Build.0 = Release|Any CPU
		{1D0BCEFF-919F-4A39-BE6C-F0EF8AFF8E71}.Release|x64.ActiveCfg = Release|Any CPU
		{1D0BCEFF-919F-4A39-BE6C-F0EF8AFF8E71}.Release|x64.Build.0 = Release|Any CPU
		{1D0BCEFF-919F-4A39-BE6C-F0EF8AFF8E71}.Release|x86.ActiveCfg = Release|Any CPU
		{1D0BCEFF-919F-4A39-BE6C-F0EF8AFF8E71}.Release|x86.Build.0 = Release|Any CPU
		{B989A9BF-1196-4A19-98CD-8665EB2193BE}.Debug|Any CPU.ActiveCfg = Debug|Any CPU
		{B989A9BF-1196-4A19-98CD-8665EB2193BE}.Debug|Any CPU.Build.0 = Debug|Any CPU
		{B989A9BF-1196-4A19-98CD-8665EB2193BE}.Debug|x64.ActiveCfg = Debug|Any CPU
		{B989A9BF-1196-4A19-98CD-8665EB2193BE}.Debug|x64.Build.0 = Debug|Any CPU
		{B989A9BF-1196-4A19-98CD-8665EB2193BE}.Debug|x86.ActiveCfg = Debug|Any CPU
		{B989A9BF-1196-4A19-98CD-8665EB2193BE}.Debug|x86.Build.0 = Debug|Any CPU
		{B989A9BF-1196-4A19-98CD-8665EB2193BE}.Release|Any CPU.ActiveCfg = Release|Any CPU
		{B989A9BF-1196-4A19-98CD-8665EB2193BE}.Release|Any CPU.Build.0 = Release|Any CPU
		{B989A9BF-1196-4A19-98CD-8665EB2193BE}.Release|x64.ActiveCfg = Release|Any CPU
		{B989A9BF-1196-4A19-98CD-8665EB2193BE}.Release|x64.Build.0 = Release|Any CPU
		{B989A9BF-1196-4A19-98CD-8665EB2193BE}.Release|x86.ActiveCfg = Release|Any CPU
		{B989A9BF-1196-4A19-98CD-8665EB2193BE}.Release|x86.Build.0 = Release|Any CPU
		{ABFE8EA7-D618-45D9-9F1D-EAE1E53BEFEF}.Debug|Any CPU.ActiveCfg = Debug|Any CPU
		{ABFE8EA7-D618-45D9-9F1D-EAE1E53BEFEF}.Debug|Any CPU.Build.0 = Debug|Any CPU
		{ABFE8EA7-D618-45D9-9F1D-EAE1E53BEFEF}.Debug|x64.ActiveCfg = Debug|Any CPU
		{ABFE8EA7-D618-45D9-9F1D-EAE1E53BEFEF}.Debug|x64.Build.0 = Debug|Any CPU
		{ABFE8EA7-D618-45D9-9F1D-EAE1E53BEFEF}.Debug|x86.ActiveCfg = Debug|Any CPU
		{ABFE8EA7-D618-45D9-9F1D-EAE1E53BEFEF}.Debug|x86.Build.0 = Debug|Any CPU
		{ABFE8EA7-D618-45D9-9F1D-EAE1E53BEFEF}.Release|Any CPU.ActiveCfg = Release|Any CPU
		{ABFE8EA7-D618-45D9-9F1D-EAE1E53BEFEF}.Release|Any CPU.Build.0 = Release|Any CPU
		{ABFE8EA7-D618-45D9-9F1D-EAE1E53BEFEF}.Release|x64.ActiveCfg = Release|Any CPU
		{ABFE8EA7-D618-45D9-9F1D-EAE1E53BEFEF}.Release|x64.Build.0 = Release|Any CPU
		{ABFE8EA7-D618-45D9-9F1D-EAE1E53BEFEF}.Release|x86.ActiveCfg = Release|Any CPU
		{ABFE8EA7-D618-45D9-9F1D-EAE1E53BEFEF}.Release|x86.Build.0 = Release|Any CPU
		{090F9800-4DED-4C2B-A54B-5C189D789816}.Debug|Any CPU.ActiveCfg = Debug|Any CPU
		{090F9800-4DED-4C2B-A54B-5C189D789816}.Debug|Any CPU.Build.0 = Debug|Any CPU
		{090F9800-4DED-4C2B-A54B-5C189D789816}.Debug|x64.ActiveCfg = Debug|Any CPU
		{090F9800-4DED-4C2B-A54B-5C189D789816}.Debug|x64.Build.0 = Debug|Any CPU
		{090F9800-4DED-4C2B-A54B-5C189D789816}.Debug|x86.ActiveCfg = Debug|Any CPU
		{090F9800-4DED-4C2B-A54B-5C189D789816}.Debug|x86.Build.0 = Debug|Any CPU
		{090F9800-4DED-4C2B-A54B-5C189D789816}.Release|Any CPU.ActiveCfg = Release|Any CPU
		{090F9800-4DED-4C2B-A54B-5C189D789816}.Release|Any CPU.Build.0 = Release|Any CPU
		{090F9800-4DED-4C2B-A54B-5C189D789816}.Release|x64.ActiveCfg = Release|Any CPU
		{090F9800-4DED-4C2B-A54B-5C189D789816}.Release|x64.Build.0 = Release|Any CPU
		{090F9800-4DED-4C2B-A54B-5C189D789816}.Release|x86.ActiveCfg = Release|Any CPU
		{090F9800-4DED-4C2B-A54B-5C189D789816}.Release|x86.Build.0 = Release|Any CPU
	EndGlobalSection
	GlobalSection(SolutionProperties) = preSolution
		HideSolutionNode = FALSE
	EndGlobalSection
	GlobalSection(NestedProjects) = preSolution
		{550D19E9-8BE1-4951-BA37-F3F233210A14} = {827E0CD3-B72D-47B6-A68D-7590B98EB39B}
		{86452F90-F5DD-40F4-9F30-DE35F11ADC50} = {827E0CD3-B72D-47B6-A68D-7590B98EB39B}
		{1D0BCEFF-919F-4A39-BE6C-F0EF8AFF8E71} = {827E0CD3-B72D-47B6-A68D-7590B98EB39B}
		{B989A9BF-1196-4A19-98CD-8665EB2193BE} = {827E0CD3-B72D-47B6-A68D-7590B98EB39B}
		{ABFE8EA7-D618-45D9-9F1D-EAE1E53BEFEF} = {827E0CD3-B72D-47B6-A68D-7590B98EB39B}
		{090F9800-4DED-4C2B-A54B-5C189D789816} = {64F7D802-8B58-455A-8249-3DB73A6C81B5}
	EndGlobalSection
	GlobalSection(ExtensibilityGlobals) = postSolution
		SolutionGuid = {CC333B6E-4BF3-4730-B58C-275E5EA160A6}
	EndGlobalSection
EndGlobal
